
Microsoft Visual Studio Solution File, Format Version 12.00
# Visual Studio Version 16
VisualStudioVersion = 16.0.29519.87
MinimumVisualStudioVersion = 10.0.40219.1
Project("{FAE04EC0-301F-11D3-BF4B-00C04F79EFBC}") = "PlConsole", "PLConsole\PlConsole.csproj", "{E3099F9C-5007-4230-ABF6-75230ECF3AE2}"
EndProject
Project("{FAE04EC0-301F-11D3-BF4B-00C04F79EFBC}") = "BL", "BL\BL.csproj", "{D4D20849-6734-47F2-8768-8B2BB775AC69}"
	ProjectSection(ProjectDependencies) = postProject
		{365ACAD3-9E58-4E96-B250-8B9DACE0AAB4} = {365ACAD3-9E58-4E96-B250-8B9DACE0AAB4}
	EndProjectSection
EndProject
Project("{FAE04EC0-301F-11D3-BF4B-00C04F79EFBC}") = "DalApi", "DLAPI\DalApi.csproj", "{365ACAD3-9E58-4E96-B250-8B9DACE0AAB4}"
EndProject
Project("{FAE04EC0-301F-11D3-BF4B-00C04F79EFBC}") = "DalObject", "DL\DalObject.csproj", "{80253FDD-4626-4731-AC2D-CF0BFE69ED63}"
	ProjectSection(ProjectDependencies) = postProject
		{365ACAD3-9E58-4E96-B250-8B9DACE0AAB4} = {365ACAD3-9E58-4E96-B250-8B9DACE0AAB4}
	EndProjectSection
EndProject
Project("{2150E333-8FDC-42A3-9474-1A3956D46DE8}") = "Solution Items", "Solution Items", "{A4028B3A-A1DA-418E-A7D3-807579502B93}"
	ProjectSection(SolutionItems) = preProject
		.editorconfig = .editorconfig
		bin\config.xml = bin\config.xml
	EndProjectSection
EndProject
Project("{FAE04EC0-301F-11D3-BF4B-00C04F79EFBC}") = "Data", "Data\Data.csproj", "{7349EEB0-3839-4B3E-863A-D5096BE93894}"
EndProject
Global
	GlobalSection(SolutionConfigurationPlatforms) = preSolution
		Debug|Any CPU = Debug|Any CPU
		Release|Any CPU = Release|Any CPU
	EndGlobalSection
	GlobalSection(ProjectConfigurationPlatforms) = postSolution
		{E3099F9C-5007-4230-ABF6-75230ECF3AE2}.Debug|Any CPU.ActiveCfg = Debug|Any CPU
		{E3099F9C-5007-4230-ABF6-75230ECF3AE2}.Debug|Any CPU.Build.0 = Debug|Any CPU
		{E3099F9C-5007-4230-ABF6-75230ECF3AE2}.Release|Any CPU.ActiveCfg = Release|Any CPU
		{E3099F9C-5007-4230-ABF6-75230ECF3AE2}.Release|Any CPU.Build.0 = Release|Any CPU
		{D4D20849-6734-47F2-8768-8B2BB775AC69}.Debug|Any CPU.ActiveCfg = Debug|Any CPU
		{D4D20849-6734-47F2-8768-8B2BB775AC69}.Debug|Any CPU.Build.0 = Debug|Any CPU
		{D4D20849-6734-47F2-8768-8B2BB775AC69}.Release|Any CPU.ActiveCfg = Release|Any CPU
		{D4D20849-6734-47F2-8768-8B2BB775AC69}.Release|Any CPU.Build.0 = Release|Any CPU
		{365ACAD3-9E58-4E96-B250-8B9DACE0AAB4}.Debug|Any CPU.ActiveCfg = Debug|Any CPU
		{365ACAD3-9E58-4E96-B250-8B9DACE0AAB4}.Debug|Any CPU.Build.0 = Debug|Any CPU
		{365ACAD3-9E58-4E96-B250-8B9DACE0AAB4}.Release|Any CPU.ActiveCfg = Release|Any CPU
		{365ACAD3-9E58-4E96-B250-8B9DACE0AAB4}.Release|Any CPU.Build.0 = Release|Any CPU
		{80253FDD-4626-4731-AC2D-CF0BFE69ED63}.Debug|Any CPU.ActiveCfg = Debug|Any CPU
		{80253FDD-4626-4731-AC2D-CF0BFE69ED63}.Debug|Any CPU.Build.0 = Debug|Any CPU
		{80253FDD-4626-4731-AC2D-CF0BFE69ED63}.Release|Any CPU.ActiveCfg = Release|Any CPU
		{80253FDD-4626-4731-AC2D-CF0BFE69ED63}.Release|Any CPU.Build.0 = Release|Any CPU
		{7349EEB0-3839-4B3E-863A-D5096BE93894}.Debug|Any CPU.ActiveCfg = Debug|Any CPU
		{7349EEB0-3839-4B3E-863A-D5096BE93894}.Debug|Any CPU.Build.0 = Debug|Any CPU
		{7349EEB0-3839-4B3E-863A-D5096BE93894}.Release|Any CPU.ActiveCfg = Release|Any CPU
		{7349EEB0-3839-4B3E-863A-D5096BE93894}.Release|Any CPU.Build.0 = Release|Any CPU
	EndGlobalSection
	GlobalSection(SolutionProperties) = preSolution
		HideSolutionNode = FALSE
	EndGlobalSection
	GlobalSection(ExtensibilityGlobals) = postSolution
		SolutionGuid = {F4FCD234-50D1-4CEF-89D2-91E8028D830C}
	EndGlobalSection
EndGlobal
